
Microsoft Visual Studio Solution File, Format Version 12.00
# Visual Studio 15
VisualStudioVersion = 15.0.27130.2010
MinimumVisualStudioVersion = 15.0.26124.0
Project("{FAE04EC0-301F-11D3-BF4B-00C04F79EFBC}") = "HolisticWare.Ph4ct3x.Server.Empty", "HolisticWare.Ph4ct3x.Server.Empty\HolisticWare.Ph4ct3x.Server.Empty.csproj", "{FE0E2B76-B878-4212-B278-DDC33C507EEE}"
EndProject
Project("{FAE04EC0-301F-11D3-BF4B-00C04F79EFBC}") = "HolisticWare.Ph4ct3x.Server.WebApp", "HolisticWare.Ph4ct3x.Server.WebApp\HolisticWare.Ph4ct3x.Server.WebApp.csproj", "{B7509776-F8C5-43A2-AEC6-4CA1EFDA09C9}"
EndProject
Project("{FAE04EC0-301F-11D3-BF4B-00C04F79EFBC}") = "HolisticWare.Ph4ct3x.Server.WebAPI", "HolisticWare.Ph4ct3x.Server.WebAPI\HolisticWare.Ph4ct3x.Server.WebAPI.csproj", "{C7937BD6-80D4-4182-8CB9-7CA3DA57D07C}"
EndProject
Project("{FAE04EC0-301F-11D3-BF4B-00C04F79EFBC}") = "HolisticWare.Ph4ct3x.Server.WebAppRazor", "HolisticWare.Ph4ct3x.Server.WebAppRazor\HolisticWare.Ph4ct3x.Server.WebAppRazor.csproj", "{B9A1C02F-C5FF-4D37-AA23-8BD296872FAD}"
EndProject
Project("{FAE04EC0-301F-11D3-BF4B-00C04F79EFBC}") = "HolisticWare.Ph4ct3x.Server", "HolisticWare.Ph4ct3x.Server\HolisticWare.Ph4ct3x.Server.csproj", "{AC5904D6-F9C8-4C23-AEB0-0984EE2C1697}"
EndProject
Project("{2150E333-8FDC-42A3-9474-1A3956D46DE8}") = "source", "source", "{0B584AAB-52FB-4D85-9EDF-DA50BB9AD9D6}"
EndProject
Project("{2150E333-8FDC-42A3-9474-1A3956D46DE8}") = "samples-data", "samples-data", "{2DE6FAD4-909F-4978-BF30-F88A23666D17}"
EndProject
Project("{2150E333-8FDC-42A3-9474-1A3956D46DE8}") = "Math", "Math", "{1E4E5AF8-4DBD-448B-9558-056C205B54EE}"
EndProject
Project("{2150E333-8FDC-42A3-9474-1A3956D46DE8}") = "Ph4ct3x", "Ph4ct3x", "{44C6FA46-9176-407C-903E-9963ECED1B85}"
EndProject
Project("{2150E333-8FDC-42A3-9474-1A3956D46DE8}") = "Core", "Core", "{C4F365F4-D762-48EC-9F72-7A678CAE5F32}"
EndProject
Project("{2150E333-8FDC-42A3-9474-1A3956D46DE8}") = "Analysis", "Analysis", "{33725142-0E02-49D4-9773-EB415BD7E2CE}"
EndProject
Project("{2150E333-8FDC-42A3-9474-1A3956D46DE8}") = "Logs", "Logs", "{2E8B5451-5BFF-4DB9-B508-5F08B3300F96}"
EndProject
Project("{2150E333-8FDC-42A3-9474-1A3956D46DE8}") = "DiagnosticTests", "DiagnosticTests", "{AF3DFF28-F188-4C44-AEC4-81538A354701}"
EndProject
Project("{FAE04EC0-301F-11D3-BF4B-00C04F79EFBC}") = "HolisticWare.Ph4ct3x.Core", "..\..\source\Ph4ct3x\Core\HolisticWare.Ph4ct3x.Core\HolisticWare.Ph4ct3x.Core.csproj", "{047C9527-8D14-4918-9BF2-DD83730EF34D}"
EndProject
Project("{FAE04EC0-301F-11D3-BF4B-00C04F79EFBC}") = "HolisticWare.Ph4ct3x.DiagnosticTests.Morphological", "..\..\source\Ph4ct3x\DiagnosticTests\HolisticWare.Ph4ct3x.DiagnosticTests.Morphological\HolisticWare.Ph4ct3x.DiagnosticTests.Morphological.csproj", "{0C15C8AA-3A95-4988-96A1-52C0C7E634A4}"
EndProject
Project("{FAE04EC0-301F-11D3-BF4B-00C04F79EFBC}") = "HolisticWare.Ph4ct3x.DiagnosticTests.Motorical", "..\..\source\Ph4ct3x\DiagnosticTests\HolisticWare.Ph4ct3x.DiagnosticTests.Motorical\HolisticWare.Ph4ct3x.DiagnosticTests.Motorical.csproj", "{E0F557F6-0702-4E2B-BADB-F4FEEB88B316}"
EndProject
Project("{FAE04EC0-301F-11D3-BF4B-00C04F79EFBC}") = "HolisticWare.Ph4ct3x.Server.UI", "HolisticWare.Ph4ct3x.Server.UI\HolisticWare.Ph4ct3x.Server.UI.csproj", "{D46D7480-E3C3-4AB2-81D2-D37CFA4399D8}"
EndProject
Project("{2150E333-8FDC-42A3-9474-1A3956D46DE8}") = "externals", "externals", "{8EAC3A7E-B627-4FF9-B44D-F0C8D7FA018F}"
EndProject
Project("{2150E333-8FDC-42A3-9474-1A3956D46DE8}") = "Core", "Core", "{3B60C3F7-5DF4-4693-A0BC-21F88F62C0E5}"
EndProject
Project("{2150E333-8FDC-42A3-9474-1A3956D46DE8}") = "Math", "Math", "{D9066A2A-F637-46AF-931D-B121D27B0590}"
EndProject
Project("{2150E333-8FDC-42A3-9474-1A3956D46DE8}") = "Intervals", "Intervals", "{D1DF959D-8FD9-4EA5-9BF0-01204FEEA449}"
EndProject
Project("{FAE04EC0-301F-11D3-BF4B-00C04F79EFBC}") = "HolisticWare.Core.Math.Intervals.NetStandard10", "..\..\external\Core\Math.Intervals\source\HolisticWare.Core.Math.Intervals.NetStandard10\HolisticWare.Core.Math.Intervals.NetStandard10.csproj", "{B053F049-AF85-4E81-A29A-D471F1F6F88A}"
EndProject
Project("{2150E333-8FDC-42A3-9474-1A3956D46DE8}") = "Statistics", "Statistics", "{38D463F1-3E92-404D-9E7C-3D7127DBF9DF}"
EndProject
Project("{FAE04EC0-301F-11D3-BF4B-00C04F79EFBC}") = "HolisticWare.Core.Math.Statistics.NetStandard11", "..\..\external\Core\Math.Statistics\source\HolisticWare.Core.Math.Statistics.NetStandard11\HolisticWare.Core.Math.Statistics.NetStandard11.csproj", "{9637528D-FE5B-4F83-B5E3-D141922AC58E}"
EndProject
Project("{FAE04EC0-301F-11D3-BF4B-00C04F79EFBC}") = "HolisticWare.Core.Math.Statistics.NetStandard10", "..\..\external\Core\Math.Statistics\source\HolisticWare.Core.Math.Statistics.NetStandard10\HolisticWare.Core.Math.Statistics.NetStandard10.csproj", "{71960B0E-D205-4E82-8A78-426DDEB4ABBE}"
EndProject
Global
	GlobalSection(SolutionConfigurationPlatforms) = preSolution
		Debug|Any CPU = Debug|Any CPU
		Debug|ARM = Debug|ARM
		Debug|iPhone = Debug|iPhone
		Debug|iPhoneSimulator = Debug|iPhoneSimulator
		Debug|x64 = Debug|x64
		Debug|x86 = Debug|x86
		Release|Any CPU = Release|Any CPU
		Release|ARM = Release|ARM
		Release|iPhone = Release|iPhone
		Release|iPhoneSimulator = Release|iPhoneSimulator
		Release|x64 = Release|x64
		Release|x86 = Release|x86
	EndGlobalSection
	GlobalSection(ProjectConfigurationPlatforms) = postSolution
		{FE0E2B76-B878-4212-B278-DDC33C507EEE}.Debug|Any CPU.ActiveCfg = Debug|Any CPU
		{FE0E2B76-B878-4212-B278-DDC33C507EEE}.Debug|Any CPU.Build.0 = Debug|Any CPU
		{FE0E2B76-B878-4212-B278-DDC33C507EEE}.Debug|ARM.ActiveCfg = Debug|Any CPU
		{FE0E2B76-B878-4212-B278-DDC33C507EEE}.Debug|ARM.Build.0 = Debug|Any CPU
		{FE0E2B76-B878-4212-B278-DDC33C507EEE}.Debug|iPhone.ActiveCfg = Debug|Any CPU
		{FE0E2B76-B878-4212-B278-DDC33C507EEE}.Debug|iPhone.Build.0 = Debug|Any CPU
		{FE0E2B76-B878-4212-B278-DDC33C507EEE}.Debug|iPhoneSimulator.ActiveCfg = Debug|Any CPU
		{FE0E2B76-B878-4212-B278-DDC33C507EEE}.Debug|iPhoneSimulator.Build.0 = Debug|Any CPU
		{FE0E2B76-B878-4212-B278-DDC33C507EEE}.Debug|x64.ActiveCfg = Debug|Any CPU
		{FE0E2B76-B878-4212-B278-DDC33C507EEE}.Debug|x64.Build.0 = Debug|Any CPU
		{FE0E2B76-B878-4212-B278-DDC33C507EEE}.Debug|x86.ActiveCfg = Debug|Any CPU
		{FE0E2B76-B878-4212-B278-DDC33C507EEE}.Debug|x86.Build.0 = Debug|Any CPU
		{FE0E2B76-B878-4212-B278-DDC33C507EEE}.Release|Any CPU.ActiveCfg = Release|Any CPU
		{FE0E2B76-B878-4212-B278-DDC33C507EEE}.Release|Any CPU.Build.0 = Release|Any CPU
		{FE0E2B76-B878-4212-B278-DDC33C507EEE}.Release|ARM.ActiveCfg = Release|Any CPU
		{FE0E2B76-B878-4212-B278-DDC33C507EEE}.Release|ARM.Build.0 = Release|Any CPU
		{FE0E2B76-B878-4212-B278-DDC33C507EEE}.Release|iPhone.ActiveCfg = Release|Any CPU
		{FE0E2B76-B878-4212-B278-DDC33C507EEE}.Release|iPhone.Build.0 = Release|Any CPU
		{FE0E2B76-B878-4212-B278-DDC33C507EEE}.Release|iPhoneSimulator.ActiveCfg = Release|Any CPU
		{FE0E2B76-B878-4212-B278-DDC33C507EEE}.Release|iPhoneSimulator.Build.0 = Release|Any CPU
		{FE0E2B76-B878-4212-B278-DDC33C507EEE}.Release|x64.ActiveCfg = Release|Any CPU
		{FE0E2B76-B878-4212-B278-DDC33C507EEE}.Release|x64.Build.0 = Release|Any CPU
		{FE0E2B76-B878-4212-B278-DDC33C507EEE}.Release|x86.ActiveCfg = Release|Any CPU
		{FE0E2B76-B878-4212-B278-DDC33C507EEE}.Release|x86.Build.0 = Release|Any CPU
		{B7509776-F8C5-43A2-AEC6-4CA1EFDA09C9}.Debug|Any CPU.ActiveCfg = Debug|Any CPU
		{B7509776-F8C5-43A2-AEC6-4CA1EFDA09C9}.Debug|Any CPU.Build.0 = Debug|Any CPU
		{B7509776-F8C5-43A2-AEC6-4CA1EFDA09C9}.Debug|ARM.ActiveCfg = Debug|Any CPU
		{B7509776-F8C5-43A2-AEC6-4CA1EFDA09C9}.Debug|ARM.Build.0 = Debug|Any CPU
		{B7509776-F8C5-43A2-AEC6-4CA1EFDA09C9}.Debug|iPhone.ActiveCfg = Debug|Any CPU
		{B7509776-F8C5-43A2-AEC6-4CA1EFDA09C9}.Debug|iPhone.Build.0 = Debug|Any CPU
		{B7509776-F8C5-43A2-AEC6-4CA1EFDA09C9}.Debug|iPhoneSimulator.ActiveCfg = Debug|Any CPU
		{B7509776-F8C5-43A2-AEC6-4CA1EFDA09C9}.Debug|iPhoneSimulator.Build.0 = Debug|Any CPU
		{B7509776-F8C5-43A2-AEC6-4CA1EFDA09C9}.Debug|x64.ActiveCfg = Debug|Any CPU
		{B7509776-F8C5-43A2-AEC6-4CA1EFDA09C9}.Debug|x64.Build.0 = Debug|Any CPU
		{B7509776-F8C5-43A2-AEC6-4CA1EFDA09C9}.Debug|x86.ActiveCfg = Debug|Any CPU
		{B7509776-F8C5-43A2-AEC6-4CA1EFDA09C9}.Debug|x86.Build.0 = Debug|Any CPU
		{B7509776-F8C5-43A2-AEC6-4CA1EFDA09C9}.Release|Any CPU.ActiveCfg = Release|Any CPU
		{B7509776-F8C5-43A2-AEC6-4CA1EFDA09C9}.Release|Any CPU.Build.0 = Release|Any CPU
		{B7509776-F8C5-43A2-AEC6-4CA1EFDA09C9}.Release|ARM.ActiveCfg = Release|Any CPU
		{B7509776-F8C5-43A2-AEC6-4CA1EFDA09C9}.Release|ARM.Build.0 = Release|Any CPU
		{B7509776-F8C5-43A2-AEC6-4CA1EFDA09C9}.Release|iPhone.ActiveCfg = Release|Any CPU
		{B7509776-F8C5-43A2-AEC6-4CA1EFDA09C9}.Release|iPhone.Build.0 = Release|Any CPU
		{B7509776-F8C5-43A2-AEC6-4CA1EFDA09C9}.Release|iPhoneSimulator.ActiveCfg = Release|Any CPU
		{B7509776-F8C5-43A2-AEC6-4CA1EFDA09C9}.Release|iPhoneSimulator.Build.0 = Release|Any CPU
		{B7509776-F8C5-43A2-AEC6-4CA1EFDA09C9}.Release|x64.ActiveCfg = Release|Any CPU
		{B7509776-F8C5-43A2-AEC6-4CA1EFDA09C9}.Release|x64.Build.0 = Release|Any CPU
		{B7509776-F8C5-43A2-AEC6-4CA1EFDA09C9}.Release|x86.ActiveCfg = Release|Any CPU
		{B7509776-F8C5-43A2-AEC6-4CA1EFDA09C9}.Release|x86.Build.0 = Release|Any CPU
		{C7937BD6-80D4-4182-8CB9-7CA3DA57D07C}.Debug|Any CPU.ActiveCfg = Debug|Any CPU
		{C7937BD6-80D4-4182-8CB9-7CA3DA57D07C}.Debug|Any CPU.Build.0 = Debug|Any CPU
		{C7937BD6-80D4-4182-8CB9-7CA3DA57D07C}.Debug|ARM.ActiveCfg = Debug|Any CPU
		{C7937BD6-80D4-4182-8CB9-7CA3DA57D07C}.Debug|ARM.Build.0 = Debug|Any CPU
		{C7937BD6-80D4-4182-8CB9-7CA3DA57D07C}.Debug|iPhone.ActiveCfg = Debug|Any CPU
		{C7937BD6-80D4-4182-8CB9-7CA3DA57D07C}.Debug|iPhone.Build.0 = Debug|Any CPU
		{C7937BD6-80D4-4182-8CB9-7CA3DA57D07C}.Debug|iPhoneSimulator.ActiveCfg = Debug|Any CPU
		{C7937BD6-80D4-4182-8CB9-7CA3DA57D07C}.Debug|iPhoneSimulator.Build.0 = Debug|Any CPU
		{C7937BD6-80D4-4182-8CB9-7CA3DA57D07C}.Debug|x64.ActiveCfg = Debug|Any CPU
		{C7937BD6-80D4-4182-8CB9-7CA3DA57D07C}.Debug|x64.Build.0 = Debug|Any CPU
		{C7937BD6-80D4-4182-8CB9-7CA3DA57D07C}.Debug|x86.ActiveCfg = Debug|Any CPU
		{C7937BD6-80D4-4182-8CB9-7CA3DA57D07C}.Debug|x86.Build.0 = Debug|Any CPU
		{C7937BD6-80D4-4182-8CB9-7CA3DA57D07C}.Release|Any CPU.ActiveCfg = Release|Any CPU
		{C7937BD6-80D4-4182-8CB9-7CA3DA57D07C}.Release|Any CPU.Build.0 = Release|Any CPU
		{C7937BD6-80D4-4182-8CB9-7CA3DA57D07C}.Release|ARM.ActiveCfg = Release|Any CPU
		{C7937BD6-80D4-4182-8CB9-7CA3DA57D07C}.Release|ARM.Build.0 = Release|Any CPU
		{C7937BD6-80D4-4182-8CB9-7CA3DA57D07C}.Release|iPhone.ActiveCfg = Release|Any CPU
		{C7937BD6-80D4-4182-8CB9-7CA3DA57D07C}.Release|iPhone.Build.0 = Release|Any CPU
		{C7937BD6-80D4-4182-8CB9-7CA3DA57D07C}.Release|iPhoneSimulator.ActiveCfg = Release|Any CPU
		{C7937BD6-80D4-4182-8CB9-7CA3DA57D07C}.Release|iPhoneSimulator.Build.0 = Release|Any CPU
		{C7937BD6-80D4-4182-8CB9-7CA3DA57D07C}.Release|x64.ActiveCfg = Release|Any CPU
		{C7937BD6-80D4-4182-8CB9-7CA3DA57D07C}.Release|x64.Build.0 = Release|Any CPU
		{C7937BD6-80D4-4182-8CB9-7CA3DA57D07C}.Release|x86.ActiveCfg = Release|Any CPU
		{C7937BD6-80D4-4182-8CB9-7CA3DA57D07C}.Release|x86.Build.0 = Release|Any CPU
		{B9A1C02F-C5FF-4D37-AA23-8BD296872FAD}.Debug|Any CPU.ActiveCfg = Debug|Any CPU
		{B9A1C02F-C5FF-4D37-AA23-8BD296872FAD}.Debug|Any CPU.Build.0 = Debug|Any CPU
		{B9A1C02F-C5FF-4D37-AA23-8BD296872FAD}.Debug|ARM.ActiveCfg = Debug|Any CPU
		{B9A1C02F-C5FF-4D37-AA23-8BD296872FAD}.Debug|ARM.Build.0 = Debug|Any CPU
		{B9A1C02F-C5FF-4D37-AA23-8BD296872FAD}.Debug|iPhone.ActiveCfg = Debug|Any CPU
		{B9A1C02F-C5FF-4D37-AA23-8BD296872FAD}.Debug|iPhone.Build.0 = Debug|Any CPU
		{B9A1C02F-C5FF-4D37-AA23-8BD296872FAD}.Debug|iPhoneSimulator.ActiveCfg = Debug|Any CPU
		{B9A1C02F-C5FF-4D37-AA23-8BD296872FAD}.Debug|iPhoneSimulator.Build.0 = Debug|Any CPU
		{B9A1C02F-C5FF-4D37-AA23-8BD296872FAD}.Debug|x64.ActiveCfg = Debug|Any CPU
		{B9A1C02F-C5FF-4D37-AA23-8BD296872FAD}.Debug|x64.Build.0 = Debug|Any CPU
		{B9A1C02F-C5FF-4D37-AA23-8BD296872FAD}.Debug|x86.ActiveCfg = Debug|Any CPU
		{B9A1C02F-C5FF-4D37-AA23-8BD296872FAD}.Debug|x86.Build.0 = Debug|Any CPU
		{B9A1C02F-C5FF-4D37-AA23-8BD296872FAD}.Release|Any CPU.ActiveCfg = Release|Any CPU
		{B9A1C02F-C5FF-4D37-AA23-8BD296872FAD}.Release|Any CPU.Build.0 = Release|Any CPU
		{B9A1C02F-C5FF-4D37-AA23-8BD296872FAD}.Release|ARM.ActiveCfg = Release|Any CPU
		{B9A1C02F-C5FF-4D37-AA23-8BD296872FAD}.Release|ARM.Build.0 = Release|Any CPU
		{B9A1C02F-C5FF-4D37-AA23-8BD296872FAD}.Release|iPhone.ActiveCfg = Release|Any CPU
		{B9A1C02F-C5FF-4D37-AA23-8BD296872FAD}.Release|iPhone.Build.0 = Release|Any CPU
		{B9A1C02F-C5FF-4D37-AA23-8BD296872FAD}.Release|iPhoneSimulator.ActiveCfg = Release|Any CPU
		{B9A1C02F-C5FF-4D37-AA23-8BD296872FAD}.Release|iPhoneSimulator.Build.0 = Release|Any CPU
		{B9A1C02F-C5FF-4D37-AA23-8BD296872FAD}.Release|x64.ActiveCfg = Release|Any CPU
		{B9A1C02F-C5FF-4D37-AA23-8BD296872FAD}.Release|x64.Build.0 = Release|Any CPU
		{B9A1C02F-C5FF-4D37-AA23-8BD296872FAD}.Release|x86.ActiveCfg = Release|Any CPU
		{B9A1C02F-C5FF-4D37-AA23-8BD296872FAD}.Release|x86.Build.0 = Release|Any CPU
		{AC5904D6-F9C8-4C23-AEB0-0984EE2C1697}.Debug|Any CPU.ActiveCfg = Debug|Any CPU
		{AC5904D6-F9C8-4C23-AEB0-0984EE2C1697}.Debug|Any CPU.Build.0 = Debug|Any CPU
		{AC5904D6-F9C8-4C23-AEB0-0984EE2C1697}.Debug|ARM.ActiveCfg = Debug|Any CPU
		{AC5904D6-F9C8-4C23-AEB0-0984EE2C1697}.Debug|ARM.Build.0 = Debug|Any CPU
		{AC5904D6-F9C8-4C23-AEB0-0984EE2C1697}.Debug|iPhone.ActiveCfg = Debug|Any CPU
		{AC5904D6-F9C8-4C23-AEB0-0984EE2C1697}.Debug|iPhone.Build.0 = Debug|Any CPU
		{AC5904D6-F9C8-4C23-AEB0-0984EE2C1697}.Debug|iPhoneSimulator.ActiveCfg = Debug|Any CPU
		{AC5904D6-F9C8-4C23-AEB0-0984EE2C1697}.Debug|iPhoneSimulator.Build.0 = Debug|Any CPU
		{AC5904D6-F9C8-4C23-AEB0-0984EE2C1697}.Debug|x64.ActiveCfg = Debug|Any CPU
		{AC5904D6-F9C8-4C23-AEB0-0984EE2C1697}.Debug|x64.Build.0 = Debug|Any CPU
		{AC5904D6-F9C8-4C23-AEB0-0984EE2C1697}.Debug|x86.ActiveCfg = Debug|Any CPU
		{AC5904D6-F9C8-4C23-AEB0-0984EE2C1697}.Debug|x86.Build.0 = Debug|Any CPU
		{AC5904D6-F9C8-4C23-AEB0-0984EE2C1697}.Release|Any CPU.ActiveCfg = Release|Any CPU
		{AC5904D6-F9C8-4C23-AEB0-0984EE2C1697}.Release|Any CPU.Build.0 = Release|Any CPU
		{AC5904D6-F9C8-4C23-AEB0-0984EE2C1697}.Release|ARM.ActiveCfg = Release|Any CPU
		{AC5904D6-F9C8-4C23-AEB0-0984EE2C1697}.Release|ARM.Build.0 = Release|Any CPU
		{AC5904D6-F9C8-4C23-AEB0-0984EE2C1697}.Release|iPhone.ActiveCfg = Release|Any CPU
		{AC5904D6-F9C8-4C23-AEB0-0984EE2C1697}.Release|iPhone.Build.0 = Release|Any CPU
		{AC5904D6-F9C8-4C23-AEB0-0984EE2C1697}.Release|iPhoneSimulator.ActiveCfg = Release|Any CPU
		{AC5904D6-F9C8-4C23-AEB0-0984EE2C1697}.Release|iPhoneSimulator.Build.0 = Release|Any CPU
		{AC5904D6-F9C8-4C23-AEB0-0984EE2C1697}.Release|x64.ActiveCfg = Release|Any CPU
		{AC5904D6-F9C8-4C23-AEB0-0984EE2C1697}.Release|x64.Build.0 = Release|Any CPU
		{AC5904D6-F9C8-4C23-AEB0-0984EE2C1697}.Release|x86.ActiveCfg = Release|Any CPU
		{AC5904D6-F9C8-4C23-AEB0-0984EE2C1697}.Release|x86.Build.0 = Release|Any CPU
		{047C9527-8D14-4918-9BF2-DD83730EF34D}.Debug|Any CPU.ActiveCfg = Debug|Any CPU
		{047C9527-8D14-4918-9BF2-DD83730EF34D}.Debug|Any CPU.Build.0 = Debug|Any CPU
		{047C9527-8D14-4918-9BF2-DD83730EF34D}.Debug|ARM.ActiveCfg = Debug|Any CPU
		{047C9527-8D14-4918-9BF2-DD83730EF34D}.Debug|ARM.Build.0 = Debug|Any CPU
		{047C9527-8D14-4918-9BF2-DD83730EF34D}.Debug|iPhone.ActiveCfg = Debug|Any CPU
		{047C9527-8D14-4918-9BF2-DD83730EF34D}.Debug|iPhone.Build.0 = Debug|Any CPU
		{047C9527-8D14-4918-9BF2-DD83730EF34D}.Debug|iPhoneSimulator.ActiveCfg = Debug|Any CPU
		{047C9527-8D14-4918-9BF2-DD83730EF34D}.Debug|iPhoneSimulator.Build.0 = Debug|Any CPU
		{047C9527-8D14-4918-9BF2-DD83730EF34D}.Debug|x64.ActiveCfg = Debug|Any CPU
		{047C9527-8D14-4918-9BF2-DD83730EF34D}.Debug|x64.Build.0 = Debug|Any CPU
		{047C9527-8D14-4918-9BF2-DD83730EF34D}.Debug|x86.ActiveCfg = Debug|Any CPU
		{047C9527-8D14-4918-9BF2-DD83730EF34D}.Debug|x86.Build.0 = Debug|Any CPU
		{047C9527-8D14-4918-9BF2-DD83730EF34D}.Release|Any CPU.ActiveCfg = Release|Any CPU
		{047C9527-8D14-4918-9BF2-DD83730EF34D}.Release|Any CPU.Build.0 = Release|Any CPU
		{047C9527-8D14-4918-9BF2-DD83730EF34D}.Release|ARM.ActiveCfg = Release|Any CPU
		{047C9527-8D14-4918-9BF2-DD83730EF34D}.Release|ARM.Build.0 = Release|Any CPU
		{047C9527-8D14-4918-9BF2-DD83730EF34D}.Release|iPhone.ActiveCfg = Release|Any CPU
		{047C9527-8D14-4918-9BF2-DD83730EF34D}.Release|iPhone.Build.0 = Release|Any CPU
		{047C9527-8D14-4918-9BF2-DD83730EF34D}.Release|iPhoneSimulator.ActiveCfg = Release|Any CPU
		{047C9527-8D14-4918-9BF2-DD83730EF34D}.Release|iPhoneSimulator.Build.0 = Release|Any CPU
		{047C9527-8D14-4918-9BF2-DD83730EF34D}.Release|x64.ActiveCfg = Release|Any CPU
		{047C9527-8D14-4918-9BF2-DD83730EF34D}.Release|x64.Build.0 = Release|Any CPU
		{047C9527-8D14-4918-9BF2-DD83730EF34D}.Release|x86.ActiveCfg = Release|Any CPU
		{047C9527-8D14-4918-9BF2-DD83730EF34D}.Release|x86.Build.0 = Release|Any CPU
		{0C15C8AA-3A95-4988-96A1-52C0C7E634A4}.Debug|Any CPU.ActiveCfg = Debug|Any CPU
		{0C15C8AA-3A95-4988-96A1-52C0C7E634A4}.Debug|Any CPU.Build.0 = Debug|Any CPU
		{0C15C8AA-3A95-4988-96A1-52C0C7E634A4}.Debug|ARM.ActiveCfg = Debug|Any CPU
		{0C15C8AA-3A95-4988-96A1-52C0C7E634A4}.Debug|ARM.Build.0 = Debug|Any CPU
		{0C15C8AA-3A95-4988-96A1-52C0C7E634A4}.Debug|iPhone.ActiveCfg = Debug|Any CPU
		{0C15C8AA-3A95-4988-96A1-52C0C7E634A4}.Debug|iPhone.Build.0 = Debug|Any CPU
		{0C15C8AA-3A95-4988-96A1-52C0C7E634A4}.Debug|iPhoneSimulator.ActiveCfg = Debug|Any CPU
		{0C15C8AA-3A95-4988-96A1-52C0C7E634A4}.Debug|iPhoneSimulator.Build.0 = Debug|Any CPU
		{0C15C8AA-3A95-4988-96A1-52C0C7E634A4}.Debug|x64.ActiveCfg = Debug|Any CPU
		{0C15C8AA-3A95-4988-96A1-52C0C7E634A4}.Debug|x64.Build.0 = Debug|Any CPU
		{0C15C8AA-3A95-4988-96A1-52C0C7E634A4}.Debug|x86.ActiveCfg = Debug|Any CPU
		{0C15C8AA-3A95-4988-96A1-52C0C7E634A4}.Debug|x86.Build.0 = Debug|Any CPU
		{0C15C8AA-3A95-4988-96A1-52C0C7E634A4}.Release|Any CPU.ActiveCfg = Release|Any CPU
		{0C15C8AA-3A95-4988-96A1-52C0C7E634A4}.Release|Any CPU.Build.0 = Release|Any CPU
		{0C15C8AA-3A95-4988-96A1-52C0C7E634A4}.Release|ARM.ActiveCfg = Release|Any CPU
		{0C15C8AA-3A95-4988-96A1-52C0C7E634A4}.Release|ARM.Build.0 = Release|Any CPU
		{0C15C8AA-3A95-4988-96A1-52C0C7E634A4}.Release|iPhone.ActiveCfg = Release|Any CPU
		{0C15C8AA-3A95-4988-96A1-52C0C7E634A4}.Release|iPhone.Build.0 = Release|Any CPU
		{0C15C8AA-3A95-4988-96A1-52C0C7E634A4}.Release|iPhoneSimulator.ActiveCfg = Release|Any CPU
		{0C15C8AA-3A95-4988-96A1-52C0C7E634A4}.Release|iPhoneSimulator.Build.0 = Release|Any CPU
		{0C15C8AA-3A95-4988-96A1-52C0C7E634A4}.Release|x64.ActiveCfg = Release|Any CPU
		{0C15C8AA-3A95-4988-96A1-52C0C7E634A4}.Release|x64.Build.0 = Release|Any CPU
		{0C15C8AA-3A95-4988-96A1-52C0C7E634A4}.Release|x86.ActiveCfg = Release|Any CPU
		{0C15C8AA-3A95-4988-96A1-52C0C7E634A4}.Release|x86.Build.0 = Release|Any CPU
		{E0F557F6-0702-4E2B-BADB-F4FEEB88B316}.Debug|Any CPU.ActiveCfg = Debug|Any CPU
		{E0F557F6-0702-4E2B-BADB-F4FEEB88B316}.Debug|Any CPU.Build.0 = Debug|Any CPU
		{E0F557F6-0702-4E2B-BADB-F4FEEB88B316}.Debug|ARM.ActiveCfg = Debug|Any CPU
		{E0F557F6-0702-4E2B-BADB-F4FEEB88B316}.Debug|ARM.Build.0 = Debug|Any CPU
		{E0F557F6-0702-4E2B-BADB-F4FEEB88B316}.Debug|iPhone.ActiveCfg = Debug|Any CPU
		{E0F557F6-0702-4E2B-BADB-F4FEEB88B316}.Debug|iPhone.Build.0 = Debug|Any CPU
		{E0F557F6-0702-4E2B-BADB-F4FEEB88B316}.Debug|iPhoneSimulator.ActiveCfg = Debug|Any CPU
		{E0F557F6-0702-4E2B-BADB-F4FEEB88B316}.Debug|iPhoneSimulator.Build.0 = Debug|Any CPU
		{E0F557F6-0702-4E2B-BADB-F4FEEB88B316}.Debug|x64.ActiveCfg = Debug|Any CPU
		{E0F557F6-0702-4E2B-BADB-F4FEEB88B316}.Debug|x64.Build.0 = Debug|Any CPU
		{E0F557F6-0702-4E2B-BADB-F4FEEB88B316}.Debug|x86.ActiveCfg = Debug|Any CPU
		{E0F557F6-0702-4E2B-BADB-F4FEEB88B316}.Debug|x86.Build.0 = Debug|Any CPU
		{E0F557F6-0702-4E2B-BADB-F4FEEB88B316}.Release|Any CPU.ActiveCfg = Release|Any CPU
		{E0F557F6-0702-4E2B-BADB-F4FEEB88B316}.Release|Any CPU.Build.0 = Release|Any CPU
		{E0F557F6-0702-4E2B-BADB-F4FEEB88B316}.Release|ARM.ActiveCfg = Release|Any CPU
		{E0F557F6-0702-4E2B-BADB-F4FEEB88B316}.Release|ARM.Build.0 = Release|Any CPU
		{E0F557F6-0702-4E2B-BADB-F4FEEB88B316}.Release|iPhone.ActiveCfg = Release|Any CPU
		{E0F557F6-0702-4E2B-BADB-F4FEEB88B316}.Release|iPhone.Build.0 = Release|Any CPU
		{E0F557F6-0702-4E2B-BADB-F4FEEB88B316}.Release|iPhoneSimulator.ActiveCfg = Release|Any CPU
		{E0F557F6-0702-4E2B-BADB-F4FEEB88B316}.Release|iPhoneSimulator.Build.0 = Release|Any CPU
		{E0F557F6-0702-4E2B-BADB-F4FEEB88B316}.Release|x64.ActiveCfg = Release|Any CPU
		{E0F557F6-0702-4E2B-BADB-F4FEEB88B316}.Release|x64.Build.0 = Release|Any CPU
		{E0F557F6-0702-4E2B-BADB-F4FEEB88B316}.Release|x86.ActiveCfg = Release|Any CPU
		{E0F557F6-0702-4E2B-BADB-F4FEEB88B316}.Release|x86.Build.0 = Release|Any CPU
		{D46D7480-E3C3-4AB2-81D2-D37CFA4399D8}.Debug|Any CPU.ActiveCfg = Debug|Any CPU
		{D46D7480-E3C3-4AB2-81D2-D37CFA4399D8}.Debug|Any CPU.Build.0 = Debug|Any CPU
		{D46D7480-E3C3-4AB2-81D2-D37CFA4399D8}.Debug|ARM.ActiveCfg = Debug|Any CPU
		{D46D7480-E3C3-4AB2-81D2-D37CFA4399D8}.Debug|ARM.Build.0 = Debug|Any CPU
		{D46D7480-E3C3-4AB2-81D2-D37CFA4399D8}.Debug|iPhone.ActiveCfg = Debug|Any CPU
		{D46D7480-E3C3-4AB2-81D2-D37CFA4399D8}.Debug|iPhone.Build.0 = Debug|Any CPU
		{D46D7480-E3C3-4AB2-81D2-D37CFA4399D8}.Debug|iPhoneSimulator.ActiveCfg = Debug|Any CPU
		{D46D7480-E3C3-4AB2-81D2-D37CFA4399D8}.Debug|iPhoneSimulator.Build.0 = Debug|Any CPU
		{D46D7480-E3C3-4AB2-81D2-D37CFA4399D8}.Debug|x64.ActiveCfg = Debug|Any CPU
		{D46D7480-E3C3-4AB2-81D2-D37CFA4399D8}.Debug|x64.Build.0 = Debug|Any CPU
		{D46D7480-E3C3-4AB2-81D2-D37CFA4399D8}.Debug|x86.ActiveCfg = Debug|Any CPU
		{D46D7480-E3C3-4AB2-81D2-D37CFA4399D8}.Debug|x86.Build.0 = Debug|Any CPU
		{D46D7480-E3C3-4AB2-81D2-D37CFA4399D8}.Release|Any CPU.ActiveCfg = Release|Any CPU
		{D46D7480-E3C3-4AB2-81D2-D37CFA4399D8}.Release|Any CPU.Build.0 = Release|Any CPU
		{D46D7480-E3C3-4AB2-81D2-D37CFA4399D8}.Release|ARM.ActiveCfg = Release|Any CPU
		{D46D7480-E3C3-4AB2-81D2-D37CFA4399D8}.Release|ARM.Build.0 = Release|Any CPU
		{D46D7480-E3C3-4AB2-81D2-D37CFA4399D8}.Release|iPhone.ActiveCfg = Release|Any CPU
		{D46D7480-E3C3-4AB2-81D2-D37CFA4399D8}.Release|iPhone.Build.0 = Release|Any CPU
		{D46D7480-E3C3-4AB2-81D2-D37CFA4399D8}.Release|iPhoneSimulator.ActiveCfg = Release|Any CPU
		{D46D7480-E3C3-4AB2-81D2-D37CFA4399D8}.Release|iPhoneSimulator.Build.0 = Release|Any CPU
		{D46D7480-E3C3-4AB2-81D2-D37CFA4399D8}.Release|x64.ActiveCfg = Release|Any CPU
		{D46D7480-E3C3-4AB2-81D2-D37CFA4399D8}.Release|x64.Build.0 = Release|Any CPU
		{D46D7480-E3C3-4AB2-81D2-D37CFA4399D8}.Release|x86.ActiveCfg = Release|Any CPU
		{D46D7480-E3C3-4AB2-81D2-D37CFA4399D8}.Release|x86.Build.0 = Release|Any CPU
		{B053F049-AF85-4E81-A29A-D471F1F6F88A}.Debug|Any CPU.ActiveCfg = Debug|Any CPU
		{B053F049-AF85-4E81-A29A-D471F1F6F88A}.Debug|Any CPU.Build.0 = Debug|Any CPU
		{B053F049-AF85-4E81-A29A-D471F1F6F88A}.Debug|ARM.ActiveCfg = Debug|Any CPU
		{B053F049-AF85-4E81-A29A-D471F1F6F88A}.Debug|ARM.Build.0 = Debug|Any CPU
		{B053F049-AF85-4E81-A29A-D471F1F6F88A}.Debug|iPhone.ActiveCfg = Debug|Any CPU
		{B053F049-AF85-4E81-A29A-D471F1F6F88A}.Debug|iPhone.Build.0 = Debug|Any CPU
		{B053F049-AF85-4E81-A29A-D471F1F6F88A}.Debug|iPhoneSimulator.ActiveCfg = Debug|Any CPU
		{B053F049-AF85-4E81-A29A-D471F1F6F88A}.Debug|iPhoneSimulator.Build.0 = Debug|Any CPU
		{B053F049-AF85-4E81-A29A-D471F1F6F88A}.Debug|x64.ActiveCfg = Debug|Any CPU
		{B053F049-AF85-4E81-A29A-D471F1F6F88A}.Debug|x64.Build.0 = Debug|Any CPU
		{B053F049-AF85-4E81-A29A-D471F1F6F88A}.Debug|x86.ActiveCfg = Debug|Any CPU
		{B053F049-AF85-4E81-A29A-D471F1F6F88A}.Debug|x86.Build.0 = Debug|Any CPU
		{B053F049-AF85-4E81-A29A-D471F1F6F88A}.Release|Any CPU.ActiveCfg = Release|Any CPU
		{B053F049-AF85-4E81-A29A-D471F1F6F88A}.Release|Any CPU.Build.0 = Release|Any CPU
		{B053F049-AF85-4E81-A29A-D471F1F6F88A}.Release|ARM.ActiveCfg = Release|Any CPU
		{B053F049-AF85-4E81-A29A-D471F1F6F88A}.Release|ARM.Build.0 = Release|Any CPU
		{B053F049-AF85-4E81-A29A-D471F1F6F88A}.Release|iPhone.ActiveCfg = Release|Any CPU
		{B053F049-AF85-4E81-A29A-D471F1F6F88A}.Release|iPhone.Build.0 = Release|Any CPU
		{B053F049-AF85-4E81-A29A-D471F1F6F88A}.Release|iPhoneSimulator.ActiveCfg = Release|Any CPU
		{B053F049-AF85-4E81-A29A-D471F1F6F88A}.Release|iPhoneSimulator.Build.0 = Release|Any CPU
		{B053F049-AF85-4E81-A29A-D471F1F6F88A}.Release|x64.ActiveCfg = Release|Any CPU
		{B053F049-AF85-4E81-A29A-D471F1F6F88A}.Release|x64.Build.0 = Release|Any CPU
		{B053F049-AF85-4E81-A29A-D471F1F6F88A}.Release|x86.ActiveCfg = Release|Any CPU
		{B053F049-AF85-4E81-A29A-D471F1F6F88A}.Release|x86.Build.0 = Release|Any CPU
		{9637528D-FE5B-4F83-B5E3-D141922AC58E}.Debug|Any CPU.ActiveCfg = Debug|Any CPU
		{9637528D-FE5B-4F83-B5E3-D141922AC58E}.Debug|Any CPU.Build.0 = Debug|Any CPU
		{9637528D-FE5B-4F83-B5E3-D141922AC58E}.Debug|ARM.ActiveCfg = Debug|Any CPU
		{9637528D-FE5B-4F83-B5E3-D141922AC58E}.Debug|ARM.Build.0 = Debug|Any CPU
		{9637528D-FE5B-4F83-B5E3-D141922AC58E}.Debug|iPhone.ActiveCfg = Debug|Any CPU
		{9637528D-FE5B-4F83-B5E3-D141922AC58E}.Debug|iPhone.Build.0 = Debug|Any CPU
		{9637528D-FE5B-4F83-B5E3-D141922AC58E}.Debug|iPhoneSimulator.ActiveCfg = Debug|Any CPU
		{9637528D-FE5B-4F83-B5E3-D141922AC58E}.Debug|iPhoneSimulator.Build.0 = Debug|Any CPU
		{9637528D-FE5B-4F83-B5E3-D141922AC58E}.Debug|x64.ActiveCfg = Debug|Any CPU
		{9637528D-FE5B-4F83-B5E3-D141922AC58E}.Debug|x64.Build.0 = Debug|Any CPU
		{9637528D-FE5B-4F83-B5E3-D141922AC58E}.Debug|x86.ActiveCfg = Debug|Any CPU
		{9637528D-FE5B-4F83-B5E3-D141922AC58E}.Debug|x86.Build.0 = Debug|Any CPU
		{9637528D-FE5B-4F83-B5E3-D141922AC58E}.Release|Any CPU.ActiveCfg = Release|Any CPU
		{9637528D-FE5B-4F83-B5E3-D141922AC58E}.Release|Any CPU.Build.0 = Release|Any CPU
		{9637528D-FE5B-4F83-B5E3-D141922AC58E}.Release|ARM.ActiveCfg = Release|Any CPU
		{9637528D-FE5B-4F83-B5E3-D141922AC58E}.Release|ARM.Build.0 = Release|Any CPU
		{9637528D-FE5B-4F83-B5E3-D141922AC58E}.Release|iPhone.ActiveCfg = Release|Any CPU
		{9637528D-FE5B-4F83-B5E3-D141922AC58E}.Release|iPhone.Build.0 = Release|Any CPU
		{9637528D-FE5B-4F83-B5E3-D141922AC58E}.Release|iPhoneSimulator.ActiveCfg = Release|Any CPU
		{9637528D-FE5B-4F83-B5E3-D141922AC58E}.Release|iPhoneSimulator.Build.0 = Release|Any CPU
		{9637528D-FE5B-4F83-B5E3-D141922AC58E}.Release|x64.ActiveCfg = Release|Any CPU
		{9637528D-FE5B-4F83-B5E3-D141922AC58E}.Release|x64.Build.0 = Release|Any CPU
		{9637528D-FE5B-4F83-B5E3-D141922AC58E}.Release|x86.ActiveCfg = Release|Any CPU
		{9637528D-FE5B-4F83-B5E3-D141922AC58E}.Release|x86.Build.0 = Release|Any CPU
		{71960B0E-D205-4E82-8A78-426DDEB4ABBE}.Debug|Any CPU.ActiveCfg = Debug|Any CPU
		{71960B0E-D205-4E82-8A78-426DDEB4ABBE}.Debug|Any CPU.Build.0 = Debug|Any CPU
		{71960B0E-D205-4E82-8A78-426DDEB4ABBE}.Debug|ARM.ActiveCfg = Debug|Any CPU
		{71960B0E-D205-4E82-8A78-426DDEB4ABBE}.Debug|ARM.Build.0 = Debug|Any CPU
		{71960B0E-D205-4E82-8A78-426DDEB4ABBE}.Debug|iPhone.ActiveCfg = Debug|Any CPU
		{71960B0E-D205-4E82-8A78-426DDEB4ABBE}.Debug|iPhone.Build.0 = Debug|Any CPU
		{71960B0E-D205-4E82-8A78-426DDEB4ABBE}.Debug|iPhoneSimulator.ActiveCfg = Debug|Any CPU
		{71960B0E-D205-4E82-8A78-426DDEB4ABBE}.Debug|iPhoneSimulator.Build.0 = Debug|Any CPU
		{71960B0E-D205-4E82-8A78-426DDEB4ABBE}.Debug|x64.ActiveCfg = Debug|Any CPU
		{71960B0E-D205-4E82-8A78-426DDEB4ABBE}.Debug|x64.Build.0 = Debug|Any CPU
		{71960B0E-D205-4E82-8A78-426DDEB4ABBE}.Debug|x86.ActiveCfg = Debug|Any CPU
		{71960B0E-D205-4E82-8A78-426DDEB4ABBE}.Debug|x86.Build.0 = Debug|Any CPU
		{71960B0E-D205-4E82-8A78-426DDEB4ABBE}.Release|Any CPU.ActiveCfg = Release|Any CPU
		{71960B0E-D205-4E82-8A78-426DDEB4ABBE}.Release|Any CPU.Build.0 = Release|Any CPU
		{71960B0E-D205-4E82-8A78-426DDEB4ABBE}.Release|ARM.ActiveCfg = Release|Any CPU
		{71960B0E-D205-4E82-8A78-426DDEB4ABBE}.Release|ARM.Build.0 = Release|Any CPU
		{71960B0E-D205-4E82-8A78-426DDEB4ABBE}.Release|iPhone.ActiveCfg = Release|Any CPU
		{71960B0E-D205-4E82-8A78-426DDEB4ABBE}.Release|iPhone.Build.0 = Release|Any CPU
		{71960B0E-D205-4E82-8A78-426DDEB4ABBE}.Release|iPhoneSimulator.ActiveCfg = Release|Any CPU
		{71960B0E-D205-4E82-8A78-426DDEB4ABBE}.Release|iPhoneSimulator.Build.0 = Release|Any CPU
		{71960B0E-D205-4E82-8A78-426DDEB4ABBE}.Release|x64.ActiveCfg = Release|Any CPU
		{71960B0E-D205-4E82-8A78-426DDEB4ABBE}.Release|x64.Build.0 = Release|Any CPU
		{71960B0E-D205-4E82-8A78-426DDEB4ABBE}.Release|x86.ActiveCfg = Release|Any CPU
		{71960B0E-D205-4E82-8A78-426DDEB4ABBE}.Release|x86.Build.0 = Release|Any CPU
	EndGlobalSection
	GlobalSection(SolutionProperties) = preSolution
		HideSolutionNode = FALSE
	EndGlobalSection
	GlobalSection(NestedProjects) = preSolution
		{1E4E5AF8-4DBD-448B-9558-056C205B54EE} = {0B584AAB-52FB-4D85-9EDF-DA50BB9AD9D6}
		{44C6FA46-9176-407C-903E-9963ECED1B85} = {0B584AAB-52FB-4D85-9EDF-DA50BB9AD9D6}
		{C4F365F4-D762-48EC-9F72-7A678CAE5F32} = {44C6FA46-9176-407C-903E-9963ECED1B85}
		{33725142-0E02-49D4-9773-EB415BD7E2CE} = {44C6FA46-9176-407C-903E-9963ECED1B85}
		{2E8B5451-5BFF-4DB9-B508-5F08B3300F96} = {44C6FA46-9176-407C-903E-9963ECED1B85}
		{AF3DFF28-F188-4C44-AEC4-81538A354701} = {44C6FA46-9176-407C-903E-9963ECED1B85}
		{047C9527-8D14-4918-9BF2-DD83730EF34D} = {C4F365F4-D762-48EC-9F72-7A678CAE5F32}
		{0C15C8AA-3A95-4988-96A1-52C0C7E634A4} = {AF3DFF28-F188-4C44-AEC4-81538A354701}
		{E0F557F6-0702-4E2B-BADB-F4FEEB88B316} = {AF3DFF28-F188-4C44-AEC4-81538A354701}
		{3B60C3F7-5DF4-4693-A0BC-21F88F62C0E5} = {8EAC3A7E-B627-4FF9-B44D-F0C8D7FA018F}
		{D9066A2A-F637-46AF-931D-B121D27B0590} = {3B60C3F7-5DF4-4693-A0BC-21F88F62C0E5}
		{D1DF959D-8FD9-4EA5-9BF0-01204FEEA449} = {D9066A2A-F637-46AF-931D-B121D27B0590}
		{B053F049-AF85-4E81-A29A-D471F1F6F88A} = {D1DF959D-8FD9-4EA5-9BF0-01204FEEA449}
		{38D463F1-3E92-404D-9E7C-3D7127DBF9DF} = {D9066A2A-F637-46AF-931D-B121D27B0590}
		{9637528D-FE5B-4F83-B5E3-D141922AC58E} = {38D463F1-3E92-404D-9E7C-3D7127DBF9DF}
		{71960B0E-D205-4E82-8A78-426DDEB4ABBE} = {38D463F1-3E92-404D-9E7C-3D7127DBF9DF}
	EndGlobalSection
	GlobalSection(ExtensibilityGlobals) = postSolution
		SolutionGuid = {9D863100-D1F5-4754-A96A-8EE5C8F6E7B8}
	EndGlobalSection
EndGlobal
