
Microsoft Visual Studio Solution File, Format Version 12.00
# Visual Studio Version 16
VisualStudioVersion = 16.0.29102.190
MinimumVisualStudioVersion = 10.0.40219.1
Project("{9A19103F-16F7-4668-BE54-9A1E7A4F7556}") = "MvvmCross.Ph4ct3x.Core", "src\MvvmCross.Ph4ct3x.Core\MvvmCross.Ph4ct3x.Core.csproj", "{AD30E5DD-2256-46DA-8BC6-01BAE53CF505}"
EndProject
Project("{9A19103F-16F7-4668-BE54-9A1E7A4F7556}") = "MvvmCross.Ph4ct3x.UI", "src\MvvmCross.Ph4ct3x.UI\MvvmCross.Ph4ct3x.UI.csproj", "{36F3D207-9E57-4C83-9FBB-5734337D46CA}"
EndProject
Project("{FAE04EC0-301F-11D3-BF4B-00C04F79EFBC}") = "MvvmCross.Ph4ct3x.Droid", "src\MvvmCross.Ph4ct3x.Droid\MvvmCross.Ph4ct3x.Droid.csproj", "{91096B4C-FE48-4D83-AB41-3180A4175EBF}"
EndProject
Project("{FAE04EC0-301F-11D3-BF4B-00C04F79EFBC}") = "MvvmCross.Ph4ct3x.iOS", "src\MvvmCross.Ph4ct3x.iOS\MvvmCross.Ph4ct3x.iOS.csproj", "{9CD91B7D-AF96-4DFA-8BE1-3407D590C1AE}"
EndProject
Project("{FAE04EC0-301F-11D3-BF4B-00C04F79EFBC}") = "MvvmCross.Ph4ct3x.UWP", "src\MvvmCross.Ph4ct3x.UWP\MvvmCross.Ph4ct3x.UWP.csproj", "{2700FC50-40F1-4652-8DEC-3C2BCC12E453}"
EndProject
Project("{2150E333-8FDC-42A3-9474-1A3956D46DE8}") = "!Solution Items", "!Solution Items", "{82DCD05F-CB1D-4017-8116-59F410279E93}"
	ProjectSection(SolutionItems) = preProject
		.editorconfig = .editorconfig
	EndProjectSection
EndProject
Project("{9A19103F-16F7-4668-BE54-9A1E7A4F7556}") = "HolisticWare.Ph4ct3x.DiagnosticTests.Core", "..\..\..\source\DiagnosticTests\HolisticWare.Ph4ct3x.DiagnosticTests.Core\HolisticWare.Ph4ct3x.DiagnosticTests.Core.csproj", "{9BA4AB33-1675-48DC-897E-5F650C7CE7E4}"
EndProject
Project("{9A19103F-16F7-4668-BE54-9A1E7A4F7556}") = "HolisticWare.Ph4ct3x.DiagnosticTests.Morphological", "..\..\..\source\DiagnosticTests\HolisticWare.Ph4ct3x.DiagnosticTests.Morphological\HolisticWare.Ph4ct3x.DiagnosticTests.Morphological.csproj", "{EE8FBDF2-5484-4E57-B382-2430CB0143B7}"
EndProject
Project("{9A19103F-16F7-4668-BE54-9A1E7A4F7556}") = "HolisticWare.Ph4ct3x.DiagnosticTests.Motorical", "..\..\..\source\DiagnosticTests\HolisticWare.Ph4ct3x.DiagnosticTests.Motorical\HolisticWare.Ph4ct3x.DiagnosticTests.Motorical.csproj", "{C66A4E88-08FB-42B3-8CD7-976ED1F5E664}"
EndProject
Project("{9A19103F-16F7-4668-BE54-9A1E7A4F7556}") = "HolisticWare.Ph4ct3x.DiagnosticTests.Physiological", "..\..\..\source\DiagnosticTests\HolisticWare.Ph4ct3x.DiagnosticTests.Physiological\HolisticWare.Ph4ct3x.DiagnosticTests.Physiological.csproj", "{211DF451-4C29-450D-A0B1-FF980F13F83D}"
EndProject
Project("{9A19103F-16F7-4668-BE54-9A1E7A4F7556}") = "HolisticWare.Ph4ct3x.DiagnosticTests.Morphological.ML.Evaluation", "..\..\..\source\DiagnosticTests\HolisticWare.Ph4ct3x.DiagnosticTests.Morphological.ML.Evaluation\HolisticWare.Ph4ct3x.DiagnosticTests.Morphological.ML.Evaluation.csproj", "{4B6E786D-8708-4482-84F9-CF6E5649DE89}"
EndProject
Global
	GlobalSection(SolutionConfigurationPlatforms) = preSolution
		Debug|Any CPU = Debug|Any CPU
		Debug|ARM = Debug|ARM
		Debug|iPhone = Debug|iPhone
		Debug|iPhoneSimulator = Debug|iPhoneSimulator
		Debug|x64 = Debug|x64
		Debug|x86 = Debug|x86
		Release|Any CPU = Release|Any CPU
		Release|ARM = Release|ARM
		Release|iPhone = Release|iPhone
		Release|iPhoneSimulator = Release|iPhoneSimulator
		Release|x64 = Release|x64
		Release|x86 = Release|x86
	EndGlobalSection
	GlobalSection(ProjectConfigurationPlatforms) = postSolution
		{AD30E5DD-2256-46DA-8BC6-01BAE53CF505}.Debug|Any CPU.ActiveCfg = Debug|Any CPU
		{AD30E5DD-2256-46DA-8BC6-01BAE53CF505}.Debug|Any CPU.Build.0 = Debug|Any CPU
		{AD30E5DD-2256-46DA-8BC6-01BAE53CF505}.Debug|ARM.ActiveCfg = Debug|Any CPU
		{AD30E5DD-2256-46DA-8BC6-01BAE53CF505}.Debug|ARM.Build.0 = Debug|Any CPU
		{AD30E5DD-2256-46DA-8BC6-01BAE53CF505}.Debug|iPhone.ActiveCfg = Debug|Any CPU
		{AD30E5DD-2256-46DA-8BC6-01BAE53CF505}.Debug|iPhone.Build.0 = Debug|Any CPU
		{AD30E5DD-2256-46DA-8BC6-01BAE53CF505}.Debug|iPhoneSimulator.ActiveCfg = Debug|Any CPU
		{AD30E5DD-2256-46DA-8BC6-01BAE53CF505}.Debug|iPhoneSimulator.Build.0 = Debug|Any CPU
		{AD30E5DD-2256-46DA-8BC6-01BAE53CF505}.Debug|x64.ActiveCfg = Debug|Any CPU
		{AD30E5DD-2256-46DA-8BC6-01BAE53CF505}.Debug|x64.Build.0 = Debug|Any CPU
		{AD30E5DD-2256-46DA-8BC6-01BAE53CF505}.Debug|x86.ActiveCfg = Debug|Any CPU
		{AD30E5DD-2256-46DA-8BC6-01BAE53CF505}.Debug|x86.Build.0 = Debug|Any CPU
		{AD30E5DD-2256-46DA-8BC6-01BAE53CF505}.Release|Any CPU.ActiveCfg = Release|Any CPU
		{AD30E5DD-2256-46DA-8BC6-01BAE53CF505}.Release|Any CPU.Build.0 = Release|Any CPU
		{AD30E5DD-2256-46DA-8BC6-01BAE53CF505}.Release|ARM.ActiveCfg = Release|Any CPU
		{AD30E5DD-2256-46DA-8BC6-01BAE53CF505}.Release|ARM.Build.0 = Release|Any CPU
		{AD30E5DD-2256-46DA-8BC6-01BAE53CF505}.Release|iPhone.ActiveCfg = Release|Any CPU
		{AD30E5DD-2256-46DA-8BC6-01BAE53CF505}.Release|iPhone.Build.0 = Release|Any CPU
		{AD30E5DD-2256-46DA-8BC6-01BAE53CF505}.Release|iPhoneSimulator.ActiveCfg = Release|Any CPU
		{AD30E5DD-2256-46DA-8BC6-01BAE53CF505}.Release|iPhoneSimulator.Build.0 = Release|Any CPU
		{AD30E5DD-2256-46DA-8BC6-01BAE53CF505}.Release|x64.ActiveCfg = Release|Any CPU
		{AD30E5DD-2256-46DA-8BC6-01BAE53CF505}.Release|x64.Build.0 = Release|Any CPU
		{AD30E5DD-2256-46DA-8BC6-01BAE53CF505}.Release|x86.ActiveCfg = Release|Any CPU
		{AD30E5DD-2256-46DA-8BC6-01BAE53CF505}.Release|x86.Build.0 = Release|Any CPU
		{36F3D207-9E57-4C83-9FBB-5734337D46CA}.Debug|Any CPU.ActiveCfg = Debug|Any CPU
		{36F3D207-9E57-4C83-9FBB-5734337D46CA}.Debug|Any CPU.Build.0 = Debug|Any CPU
		{36F3D207-9E57-4C83-9FBB-5734337D46CA}.Debug|ARM.ActiveCfg = Debug|Any CPU
		{36F3D207-9E57-4C83-9FBB-5734337D46CA}.Debug|ARM.Build.0 = Debug|Any CPU
		{36F3D207-9E57-4C83-9FBB-5734337D46CA}.Debug|iPhone.ActiveCfg = Debug|Any CPU
		{36F3D207-9E57-4C83-9FBB-5734337D46CA}.Debug|iPhone.Build.0 = Debug|Any CPU
		{36F3D207-9E57-4C83-9FBB-5734337D46CA}.Debug|iPhoneSimulator.ActiveCfg = Debug|Any CPU
		{36F3D207-9E57-4C83-9FBB-5734337D46CA}.Debug|iPhoneSimulator.Build.0 = Debug|Any CPU
		{36F3D207-9E57-4C83-9FBB-5734337D46CA}.Debug|x64.ActiveCfg = Debug|Any CPU
		{36F3D207-9E57-4C83-9FBB-5734337D46CA}.Debug|x64.Build.0 = Debug|Any CPU
		{36F3D207-9E57-4C83-9FBB-5734337D46CA}.Debug|x86.ActiveCfg = Debug|Any CPU
		{36F3D207-9E57-4C83-9FBB-5734337D46CA}.Debug|x86.Build.0 = Debug|Any CPU
		{36F3D207-9E57-4C83-9FBB-5734337D46CA}.Release|Any CPU.ActiveCfg = Release|Any CPU
		{36F3D207-9E57-4C83-9FBB-5734337D46CA}.Release|Any CPU.Build.0 = Release|Any CPU
		{36F3D207-9E57-4C83-9FBB-5734337D46CA}.Release|ARM.ActiveCfg = Release|Any CPU
		{36F3D207-9E57-4C83-9FBB-5734337D46CA}.Release|ARM.Build.0 = Release|Any CPU
		{36F3D207-9E57-4C83-9FBB-5734337D46CA}.Release|iPhone.ActiveCfg = Release|Any CPU
		{36F3D207-9E57-4C83-9FBB-5734337D46CA}.Release|iPhone.Build.0 = Release|Any CPU
		{36F3D207-9E57-4C83-9FBB-5734337D46CA}.Release|iPhoneSimulator.ActiveCfg = Release|Any CPU
		{36F3D207-9E57-4C83-9FBB-5734337D46CA}.Release|iPhoneSimulator.Build.0 = Release|Any CPU
		{36F3D207-9E57-4C83-9FBB-5734337D46CA}.Release|x64.ActiveCfg = Release|Any CPU
		{36F3D207-9E57-4C83-9FBB-5734337D46CA}.Release|x64.Build.0 = Release|Any CPU
		{36F3D207-9E57-4C83-9FBB-5734337D46CA}.Release|x86.ActiveCfg = Release|Any CPU
		{36F3D207-9E57-4C83-9FBB-5734337D46CA}.Release|x86.Build.0 = Release|Any CPU
		{91096B4C-FE48-4D83-AB41-3180A4175EBF}.Debug|Any CPU.ActiveCfg = Debug|Any CPU
		{91096B4C-FE48-4D83-AB41-3180A4175EBF}.Debug|Any CPU.Build.0 = Debug|Any CPU
		{91096B4C-FE48-4D83-AB41-3180A4175EBF}.Debug|Any CPU.Deploy.0 = Debug|Any CPU
		{91096B4C-FE48-4D83-AB41-3180A4175EBF}.Debug|ARM.ActiveCfg = Debug|Any CPU
		{91096B4C-FE48-4D83-AB41-3180A4175EBF}.Debug|ARM.Build.0 = Debug|Any CPU
		{91096B4C-FE48-4D83-AB41-3180A4175EBF}.Debug|ARM.Deploy.0 = Debug|Any CPU
		{91096B4C-FE48-4D83-AB41-3180A4175EBF}.Debug|iPhone.ActiveCfg = Debug|Any CPU
		{91096B4C-FE48-4D83-AB41-3180A4175EBF}.Debug|iPhone.Build.0 = Debug|Any CPU
		{91096B4C-FE48-4D83-AB41-3180A4175EBF}.Debug|iPhone.Deploy.0 = Debug|Any CPU
		{91096B4C-FE48-4D83-AB41-3180A4175EBF}.Debug|iPhoneSimulator.ActiveCfg = Debug|Any CPU
		{91096B4C-FE48-4D83-AB41-3180A4175EBF}.Debug|iPhoneSimulator.Build.0 = Debug|Any CPU
		{91096B4C-FE48-4D83-AB41-3180A4175EBF}.Debug|iPhoneSimulator.Deploy.0 = Debug|Any CPU
		{91096B4C-FE48-4D83-AB41-3180A4175EBF}.Debug|x64.ActiveCfg = Debug|Any CPU
		{91096B4C-FE48-4D83-AB41-3180A4175EBF}.Debug|x64.Build.0 = Debug|Any CPU
		{91096B4C-FE48-4D83-AB41-3180A4175EBF}.Debug|x64.Deploy.0 = Debug|Any CPU
		{91096B4C-FE48-4D83-AB41-3180A4175EBF}.Debug|x86.ActiveCfg = Debug|Any CPU
		{91096B4C-FE48-4D83-AB41-3180A4175EBF}.Debug|x86.Build.0 = Debug|Any CPU
		{91096B4C-FE48-4D83-AB41-3180A4175EBF}.Debug|x86.Deploy.0 = Debug|Any CPU
		{91096B4C-FE48-4D83-AB41-3180A4175EBF}.Release|Any CPU.ActiveCfg = Release|Any CPU
		{91096B4C-FE48-4D83-AB41-3180A4175EBF}.Release|Any CPU.Build.0 = Release|Any CPU
		{91096B4C-FE48-4D83-AB41-3180A4175EBF}.Release|Any CPU.Deploy.0 = Release|Any CPU
		{91096B4C-FE48-4D83-AB41-3180A4175EBF}.Release|ARM.ActiveCfg = Release|Any CPU
		{91096B4C-FE48-4D83-AB41-3180A4175EBF}.Release|ARM.Build.0 = Release|Any CPU
		{91096B4C-FE48-4D83-AB41-3180A4175EBF}.Release|ARM.Deploy.0 = Release|Any CPU
		{91096B4C-FE48-4D83-AB41-3180A4175EBF}.Release|iPhone.ActiveCfg = Release|Any CPU
		{91096B4C-FE48-4D83-AB41-3180A4175EBF}.Release|iPhone.Build.0 = Release|Any CPU
		{91096B4C-FE48-4D83-AB41-3180A4175EBF}.Release|iPhone.Deploy.0 = Release|Any CPU
		{91096B4C-FE48-4D83-AB41-3180A4175EBF}.Release|iPhoneSimulator.ActiveCfg = Release|Any CPU
		{91096B4C-FE48-4D83-AB41-3180A4175EBF}.Release|iPhoneSimulator.Build.0 = Release|Any CPU
		{91096B4C-FE48-4D83-AB41-3180A4175EBF}.Release|iPhoneSimulator.Deploy.0 = Release|Any CPU
		{91096B4C-FE48-4D83-AB41-3180A4175EBF}.Release|x64.ActiveCfg = Release|Any CPU
		{91096B4C-FE48-4D83-AB41-3180A4175EBF}.Release|x64.Build.0 = Release|Any CPU
		{91096B4C-FE48-4D83-AB41-3180A4175EBF}.Release|x64.Deploy.0 = Release|Any CPU
		{91096B4C-FE48-4D83-AB41-3180A4175EBF}.Release|x86.ActiveCfg = Release|Any CPU
		{91096B4C-FE48-4D83-AB41-3180A4175EBF}.Release|x86.Build.0 = Release|Any CPU
		{91096B4C-FE48-4D83-AB41-3180A4175EBF}.Release|x86.Deploy.0 = Release|Any CPU
		{9CD91B7D-AF96-4DFA-8BE1-3407D590C1AE}.Debug|Any CPU.ActiveCfg = Debug|iPhone
		{9CD91B7D-AF96-4DFA-8BE1-3407D590C1AE}.Debug|Any CPU.Build.0 = Debug|iPhone
		{9CD91B7D-AF96-4DFA-8BE1-3407D590C1AE}.Debug|ARM.ActiveCfg = Debug|iPhone
		{9CD91B7D-AF96-4DFA-8BE1-3407D590C1AE}.Debug|iPhone.ActiveCfg = Debug|iPhone
		{9CD91B7D-AF96-4DFA-8BE1-3407D590C1AE}.Debug|iPhone.Build.0 = Debug|iPhone
		{9CD91B7D-AF96-4DFA-8BE1-3407D590C1AE}.Debug|iPhone.Deploy.0 = Debug|iPhone
		{9CD91B7D-AF96-4DFA-8BE1-3407D590C1AE}.Debug|iPhoneSimulator.ActiveCfg = Debug|iPhoneSimulator
		{9CD91B7D-AF96-4DFA-8BE1-3407D590C1AE}.Debug|iPhoneSimulator.Build.0 = Debug|iPhoneSimulator
		{9CD91B7D-AF96-4DFA-8BE1-3407D590C1AE}.Debug|iPhoneSimulator.Deploy.0 = Debug|iPhoneSimulator
		{9CD91B7D-AF96-4DFA-8BE1-3407D590C1AE}.Debug|x64.ActiveCfg = Debug|iPhone
		{9CD91B7D-AF96-4DFA-8BE1-3407D590C1AE}.Debug|x86.ActiveCfg = Debug|iPhone
		{9CD91B7D-AF96-4DFA-8BE1-3407D590C1AE}.Release|Any CPU.ActiveCfg = Release|iPhone
		{9CD91B7D-AF96-4DFA-8BE1-3407D590C1AE}.Release|ARM.ActiveCfg = Release|iPhone
		{9CD91B7D-AF96-4DFA-8BE1-3407D590C1AE}.Release|iPhone.ActiveCfg = Release|iPhone
		{9CD91B7D-AF96-4DFA-8BE1-3407D590C1AE}.Release|iPhone.Build.0 = Release|iPhone
		{9CD91B7D-AF96-4DFA-8BE1-3407D590C1AE}.Release|iPhone.Deploy.0 = Release|iPhone
		{9CD91B7D-AF96-4DFA-8BE1-3407D590C1AE}.Release|iPhoneSimulator.ActiveCfg = Release|iPhoneSimulator
		{9CD91B7D-AF96-4DFA-8BE1-3407D590C1AE}.Release|iPhoneSimulator.Build.0 = Release|iPhoneSimulator
		{9CD91B7D-AF96-4DFA-8BE1-3407D590C1AE}.Release|iPhoneSimulator.Deploy.0 = Release|iPhoneSimulator
		{9CD91B7D-AF96-4DFA-8BE1-3407D590C1AE}.Release|x64.ActiveCfg = Release|iPhone
		{9CD91B7D-AF96-4DFA-8BE1-3407D590C1AE}.Release|x86.ActiveCfg = Release|iPhone
		{2700FC50-40F1-4652-8DEC-3C2BCC12E453}.Debug|Any CPU.ActiveCfg = Debug|x86
		{2700FC50-40F1-4652-8DEC-3C2BCC12E453}.Debug|Any CPU.Build.0 = Debug|x86
		{2700FC50-40F1-4652-8DEC-3C2BCC12E453}.Debug|Any CPU.Deploy.0 = Debug|x86
		{2700FC50-40F1-4652-8DEC-3C2BCC12E453}.Debug|ARM.ActiveCfg = Debug|ARM
		{2700FC50-40F1-4652-8DEC-3C2BCC12E453}.Debug|ARM.Build.0 = Debug|ARM
		{2700FC50-40F1-4652-8DEC-3C2BCC12E453}.Debug|ARM.Deploy.0 = Debug|ARM
		{2700FC50-40F1-4652-8DEC-3C2BCC12E453}.Debug|iPhone.ActiveCfg = Debug|x86
		{2700FC50-40F1-4652-8DEC-3C2BCC12E453}.Debug|iPhoneSimulator.ActiveCfg = Debug|x86
		{2700FC50-40F1-4652-8DEC-3C2BCC12E453}.Debug|x64.ActiveCfg = Debug|x64
		{2700FC50-40F1-4652-8DEC-3C2BCC12E453}.Debug|x64.Build.0 = Debug|x64
		{2700FC50-40F1-4652-8DEC-3C2BCC12E453}.Debug|x64.Deploy.0 = Debug|x64
		{2700FC50-40F1-4652-8DEC-3C2BCC12E453}.Debug|x86.ActiveCfg = Debug|x86
		{2700FC50-40F1-4652-8DEC-3C2BCC12E453}.Debug|x86.Build.0 = Debug|x86
		{2700FC50-40F1-4652-8DEC-3C2BCC12E453}.Debug|x86.Deploy.0 = Debug|x86
		{2700FC50-40F1-4652-8DEC-3C2BCC12E453}.Release|Any CPU.ActiveCfg = Release|x86
		{2700FC50-40F1-4652-8DEC-3C2BCC12E453}.Release|ARM.ActiveCfg = Release|ARM
		{2700FC50-40F1-4652-8DEC-3C2BCC12E453}.Release|ARM.Build.0 = Release|ARM
		{2700FC50-40F1-4652-8DEC-3C2BCC12E453}.Release|ARM.Deploy.0 = Release|ARM
		{2700FC50-40F1-4652-8DEC-3C2BCC12E453}.Release|iPhone.ActiveCfg = Release|x86
		{2700FC50-40F1-4652-8DEC-3C2BCC12E453}.Release|iPhoneSimulator.ActiveCfg = Release|x86
		{2700FC50-40F1-4652-8DEC-3C2BCC12E453}.Release|x64.ActiveCfg = Release|x64
		{2700FC50-40F1-4652-8DEC-3C2BCC12E453}.Release|x64.Build.0 = Release|x64
		{2700FC50-40F1-4652-8DEC-3C2BCC12E453}.Release|x64.Deploy.0 = Release|x64
		{2700FC50-40F1-4652-8DEC-3C2BCC12E453}.Release|x86.ActiveCfg = Release|x86
		{2700FC50-40F1-4652-8DEC-3C2BCC12E453}.Release|x86.Build.0 = Release|x86
		{2700FC50-40F1-4652-8DEC-3C2BCC12E453}.Release|x86.Deploy.0 = Release|x86
		{9BA4AB33-1675-48DC-897E-5F650C7CE7E4}.Debug|Any CPU.ActiveCfg = Debug|Any CPU
		{9BA4AB33-1675-48DC-897E-5F650C7CE7E4}.Debug|Any CPU.Build.0 = Debug|Any CPU
		{9BA4AB33-1675-48DC-897E-5F650C7CE7E4}.Debug|ARM.ActiveCfg = Debug|Any CPU
		{9BA4AB33-1675-48DC-897E-5F650C7CE7E4}.Debug|ARM.Build.0 = Debug|Any CPU
		{9BA4AB33-1675-48DC-897E-5F650C7CE7E4}.Debug|iPhone.ActiveCfg = Debug|Any CPU
		{9BA4AB33-1675-48DC-897E-5F650C7CE7E4}.Debug|iPhone.Build.0 = Debug|Any CPU
		{9BA4AB33-1675-48DC-897E-5F650C7CE7E4}.Debug|iPhoneSimulator.ActiveCfg = Debug|Any CPU
		{9BA4AB33-1675-48DC-897E-5F650C7CE7E4}.Debug|iPhoneSimulator.Build.0 = Debug|Any CPU
		{9BA4AB33-1675-48DC-897E-5F650C7CE7E4}.Debug|x64.ActiveCfg = Debug|Any CPU
		{9BA4AB33-1675-48DC-897E-5F650C7CE7E4}.Debug|x64.Build.0 = Debug|Any CPU
		{9BA4AB33-1675-48DC-897E-5F650C7CE7E4}.Debug|x86.ActiveCfg = Debug|Any CPU
		{9BA4AB33-1675-48DC-897E-5F650C7CE7E4}.Debug|x86.Build.0 = Debug|Any CPU
		{9BA4AB33-1675-48DC-897E-5F650C7CE7E4}.Release|Any CPU.ActiveCfg = Release|Any CPU
		{9BA4AB33-1675-48DC-897E-5F650C7CE7E4}.Release|Any CPU.Build.0 = Release|Any CPU
		{9BA4AB33-1675-48DC-897E-5F650C7CE7E4}.Release|ARM.ActiveCfg = Release|Any CPU
		{9BA4AB33-1675-48DC-897E-5F650C7CE7E4}.Release|ARM.Build.0 = Release|Any CPU
		{9BA4AB33-1675-48DC-897E-5F650C7CE7E4}.Release|iPhone.ActiveCfg = Release|Any CPU
		{9BA4AB33-1675-48DC-897E-5F650C7CE7E4}.Release|iPhone.Build.0 = Release|Any CPU
		{9BA4AB33-1675-48DC-897E-5F650C7CE7E4}.Release|iPhoneSimulator.ActiveCfg = Release|Any CPU
		{9BA4AB33-1675-48DC-897E-5F650C7CE7E4}.Release|iPhoneSimulator.Build.0 = Release|Any CPU
		{9BA4AB33-1675-48DC-897E-5F650C7CE7E4}.Release|x64.ActiveCfg = Release|Any CPU
		{9BA4AB33-1675-48DC-897E-5F650C7CE7E4}.Release|x64.Build.0 = Release|Any CPU
		{9BA4AB33-1675-48DC-897E-5F650C7CE7E4}.Release|x86.ActiveCfg = Release|Any CPU
		{9BA4AB33-1675-48DC-897E-5F650C7CE7E4}.Release|x86.Build.0 = Release|Any CPU
		{EE8FBDF2-5484-4E57-B382-2430CB0143B7}.Debug|Any CPU.ActiveCfg = Debug|Any CPU
		{EE8FBDF2-5484-4E57-B382-2430CB0143B7}.Debug|Any CPU.Build.0 = Debug|Any CPU
		{EE8FBDF2-5484-4E57-B382-2430CB0143B7}.Debug|ARM.ActiveCfg = Debug|Any CPU
		{EE8FBDF2-5484-4E57-B382-2430CB0143B7}.Debug|ARM.Build.0 = Debug|Any CPU
		{EE8FBDF2-5484-4E57-B382-2430CB0143B7}.Debug|iPhone.ActiveCfg = Debug|Any CPU
		{EE8FBDF2-5484-4E57-B382-2430CB0143B7}.Debug|iPhone.Build.0 = Debug|Any CPU
		{EE8FBDF2-5484-4E57-B382-2430CB0143B7}.Debug|iPhoneSimulator.ActiveCfg = Debug|Any CPU
		{EE8FBDF2-5484-4E57-B382-2430CB0143B7}.Debug|iPhoneSimulator.Build.0 = Debug|Any CPU
		{EE8FBDF2-5484-4E57-B382-2430CB0143B7}.Debug|x64.ActiveCfg = Debug|Any CPU
		{EE8FBDF2-5484-4E57-B382-2430CB0143B7}.Debug|x64.Build.0 = Debug|Any CPU
		{EE8FBDF2-5484-4E57-B382-2430CB0143B7}.Debug|x86.ActiveCfg = Debug|Any CPU
		{EE8FBDF2-5484-4E57-B382-2430CB0143B7}.Debug|x86.Build.0 = Debug|Any CPU
		{EE8FBDF2-5484-4E57-B382-2430CB0143B7}.Release|Any CPU.ActiveCfg = Release|Any CPU
		{EE8FBDF2-5484-4E57-B382-2430CB0143B7}.Release|Any CPU.Build.0 = Release|Any CPU
		{EE8FBDF2-5484-4E57-B382-2430CB0143B7}.Release|ARM.ActiveCfg = Release|Any CPU
		{EE8FBDF2-5484-4E57-B382-2430CB0143B7}.Release|ARM.Build.0 = Release|Any CPU
		{EE8FBDF2-5484-4E57-B382-2430CB0143B7}.Release|iPhone.ActiveCfg = Release|Any CPU
		{EE8FBDF2-5484-4E57-B382-2430CB0143B7}.Release|iPhone.Build.0 = Release|Any CPU
		{EE8FBDF2-5484-4E57-B382-2430CB0143B7}.Release|iPhoneSimulator.ActiveCfg = Release|Any CPU
		{EE8FBDF2-5484-4E57-B382-2430CB0143B7}.Release|iPhoneSimulator.Build.0 = Release|Any CPU
		{EE8FBDF2-5484-4E57-B382-2430CB0143B7}.Release|x64.ActiveCfg = Release|Any CPU
		{EE8FBDF2-5484-4E57-B382-2430CB0143B7}.Release|x64.Build.0 = Release|Any CPU
		{EE8FBDF2-5484-4E57-B382-2430CB0143B7}.Release|x86.ActiveCfg = Release|Any CPU
		{EE8FBDF2-5484-4E57-B382-2430CB0143B7}.Release|x86.Build.0 = Release|Any CPU
		{C66A4E88-08FB-42B3-8CD7-976ED1F5E664}.Debug|Any CPU.ActiveCfg = Debug|Any CPU
		{C66A4E88-08FB-42B3-8CD7-976ED1F5E664}.Debug|Any CPU.Build.0 = Debug|Any CPU
		{C66A4E88-08FB-42B3-8CD7-976ED1F5E664}.Debug|ARM.ActiveCfg = Debug|Any CPU
		{C66A4E88-08FB-42B3-8CD7-976ED1F5E664}.Debug|ARM.Build.0 = Debug|Any CPU
		{C66A4E88-08FB-42B3-8CD7-976ED1F5E664}.Debug|iPhone.ActiveCfg = Debug|Any CPU
		{C66A4E88-08FB-42B3-8CD7-976ED1F5E664}.Debug|iPhone.Build.0 = Debug|Any CPU
		{C66A4E88-08FB-42B3-8CD7-976ED1F5E664}.Debug|iPhoneSimulator.ActiveCfg = Debug|Any CPU
		{C66A4E88-08FB-42B3-8CD7-976ED1F5E664}.Debug|iPhoneSimulator.Build.0 = Debug|Any CPU
		{C66A4E88-08FB-42B3-8CD7-976ED1F5E664}.Debug|x64.ActiveCfg = Debug|Any CPU
		{C66A4E88-08FB-42B3-8CD7-976ED1F5E664}.Debug|x64.Build.0 = Debug|Any CPU
		{C66A4E88-08FB-42B3-8CD7-976ED1F5E664}.Debug|x86.ActiveCfg = Debug|Any CPU
		{C66A4E88-08FB-42B3-8CD7-976ED1F5E664}.Debug|x86.Build.0 = Debug|Any CPU
		{C66A4E88-08FB-42B3-8CD7-976ED1F5E664}.Release|Any CPU.ActiveCfg = Release|Any CPU
		{C66A4E88-08FB-42B3-8CD7-976ED1F5E664}.Release|Any CPU.Build.0 = Release|Any CPU
		{C66A4E88-08FB-42B3-8CD7-976ED1F5E664}.Release|ARM.ActiveCfg = Release|Any CPU
		{C66A4E88-08FB-42B3-8CD7-976ED1F5E664}.Release|ARM.Build.0 = Release|Any CPU
		{C66A4E88-08FB-42B3-8CD7-976ED1F5E664}.Release|iPhone.ActiveCfg = Release|Any CPU
		{C66A4E88-08FB-42B3-8CD7-976ED1F5E664}.Release|iPhone.Build.0 = Release|Any CPU
		{C66A4E88-08FB-42B3-8CD7-976ED1F5E664}.Release|iPhoneSimulator.ActiveCfg = Release|Any CPU
		{C66A4E88-08FB-42B3-8CD7-976ED1F5E664}.Release|iPhoneSimulator.Build.0 = Release|Any CPU
		{C66A4E88-08FB-42B3-8CD7-976ED1F5E664}.Release|x64.ActiveCfg = Release|Any CPU
		{C66A4E88-08FB-42B3-8CD7-976ED1F5E664}.Release|x64.Build.0 = Release|Any CPU
		{C66A4E88-08FB-42B3-8CD7-976ED1F5E664}.Release|x86.ActiveCfg = Release|Any CPU
		{C66A4E88-08FB-42B3-8CD7-976ED1F5E664}.Release|x86.Build.0 = Release|Any CPU
		{211DF451-4C29-450D-A0B1-FF980F13F83D}.Debug|Any CPU.ActiveCfg = Debug|Any CPU
		{211DF451-4C29-450D-A0B1-FF980F13F83D}.Debug|Any CPU.Build.0 = Debug|Any CPU
		{211DF451-4C29-450D-A0B1-FF980F13F83D}.Debug|ARM.ActiveCfg = Debug|Any CPU
		{211DF451-4C29-450D-A0B1-FF980F13F83D}.Debug|ARM.Build.0 = Debug|Any CPU
		{211DF451-4C29-450D-A0B1-FF980F13F83D}.Debug|iPhone.ActiveCfg = Debug|Any CPU
		{211DF451-4C29-450D-A0B1-FF980F13F83D}.Debug|iPhone.Build.0 = Debug|Any CPU
		{211DF451-4C29-450D-A0B1-FF980F13F83D}.Debug|iPhoneSimulator.ActiveCfg = Debug|Any CPU
		{211DF451-4C29-450D-A0B1-FF980F13F83D}.Debug|iPhoneSimulator.Build.0 = Debug|Any CPU
		{211DF451-4C29-450D-A0B1-FF980F13F83D}.Debug|x64.ActiveCfg = Debug|Any CPU
		{211DF451-4C29-450D-A0B1-FF980F13F83D}.Debug|x64.Build.0 = Debug|Any CPU
		{211DF451-4C29-450D-A0B1-FF980F13F83D}.Debug|x86.ActiveCfg = Debug|Any CPU
		{211DF451-4C29-450D-A0B1-FF980F13F83D}.Debug|x86.Build.0 = Debug|Any CPU
		{211DF451-4C29-450D-A0B1-FF980F13F83D}.Release|Any CPU.ActiveCfg = Release|Any CPU
		{211DF451-4C29-450D-A0B1-FF980F13F83D}.Release|Any CPU.Build.0 = Release|Any CPU
		{211DF451-4C29-450D-A0B1-FF980F13F83D}.Release|ARM.ActiveCfg = Release|Any CPU
		{211DF451-4C29-450D-A0B1-FF980F13F83D}.Release|ARM.Build.0 = Release|Any CPU
		{211DF451-4C29-450D-A0B1-FF980F13F83D}.Release|iPhone.ActiveCfg = Release|Any CPU
		{211DF451-4C29-450D-A0B1-FF980F13F83D}.Release|iPhone.Build.0 = Release|Any CPU
		{211DF451-4C29-450D-A0B1-FF980F13F83D}.Release|iPhoneSimulator.ActiveCfg = Release|Any CPU
		{211DF451-4C29-450D-A0B1-FF980F13F83D}.Release|iPhoneSimulator.Build.0 = Release|Any CPU
		{211DF451-4C29-450D-A0B1-FF980F13F83D}.Release|x64.ActiveCfg = Release|Any CPU
		{211DF451-4C29-450D-A0B1-FF980F13F83D}.Release|x64.Build.0 = Release|Any CPU
		{211DF451-4C29-450D-A0B1-FF980F13F83D}.Release|x86.ActiveCfg = Release|Any CPU
		{211DF451-4C29-450D-A0B1-FF980F13F83D}.Release|x86.Build.0 = Release|Any CPU
		{4B6E786D-8708-4482-84F9-CF6E5649DE89}.Debug|Any CPU.ActiveCfg = Debug|Any CPU
		{4B6E786D-8708-4482-84F9-CF6E5649DE89}.Debug|Any CPU.Build.0 = Debug|Any CPU
		{4B6E786D-8708-4482-84F9-CF6E5649DE89}.Debug|ARM.ActiveCfg = Debug|Any CPU
		{4B6E786D-8708-4482-84F9-CF6E5649DE89}.Debug|ARM.Build.0 = Debug|Any CPU
		{4B6E786D-8708-4482-84F9-CF6E5649DE89}.Debug|iPhone.ActiveCfg = Debug|Any CPU
		{4B6E786D-8708-4482-84F9-CF6E5649DE89}.Debug|iPhone.Build.0 = Debug|Any CPU
		{4B6E786D-8708-4482-84F9-CF6E5649DE89}.Debug|iPhoneSimulator.ActiveCfg = Debug|Any CPU
		{4B6E786D-8708-4482-84F9-CF6E5649DE89}.Debug|iPhoneSimulator.Build.0 = Debug|Any CPU
		{4B6E786D-8708-4482-84F9-CF6E5649DE89}.Debug|x64.ActiveCfg = Debug|Any CPU
		{4B6E786D-8708-4482-84F9-CF6E5649DE89}.Debug|x64.Build.0 = Debug|Any CPU
		{4B6E786D-8708-4482-84F9-CF6E5649DE89}.Debug|x86.ActiveCfg = Debug|Any CPU
		{4B6E786D-8708-4482-84F9-CF6E5649DE89}.Debug|x86.Build.0 = Debug|Any CPU
		{4B6E786D-8708-4482-84F9-CF6E5649DE89}.Release|Any CPU.ActiveCfg = Release|Any CPU
		{4B6E786D-8708-4482-84F9-CF6E5649DE89}.Release|Any CPU.Build.0 = Release|Any CPU
		{4B6E786D-8708-4482-84F9-CF6E5649DE89}.Release|ARM.ActiveCfg = Release|Any CPU
		{4B6E786D-8708-4482-84F9-CF6E5649DE89}.Release|ARM.Build.0 = Release|Any CPU
		{4B6E786D-8708-4482-84F9-CF6E5649DE89}.Release|iPhone.ActiveCfg = Release|Any CPU
		{4B6E786D-8708-4482-84F9-CF6E5649DE89}.Release|iPhone.Build.0 = Release|Any CPU
		{4B6E786D-8708-4482-84F9-CF6E5649DE89}.Release|iPhoneSimulator.ActiveCfg = Release|Any CPU
		{4B6E786D-8708-4482-84F9-CF6E5649DE89}.Release|iPhoneSimulator.Build.0 = Release|Any CPU
		{4B6E786D-8708-4482-84F9-CF6E5649DE89}.Release|x64.ActiveCfg = Release|Any CPU
		{4B6E786D-8708-4482-84F9-CF6E5649DE89}.Release|x64.Build.0 = Release|Any CPU
		{4B6E786D-8708-4482-84F9-CF6E5649DE89}.Release|x86.ActiveCfg = Release|Any CPU
		{4B6E786D-8708-4482-84F9-CF6E5649DE89}.Release|x86.Build.0 = Release|Any CPU
	EndGlobalSection
	GlobalSection(SolutionProperties) = preSolution
		HideSolutionNode = FALSE
	EndGlobalSection
	GlobalSection(ExtensibilityGlobals) = postSolution
		SolutionGuid = {1B3B321D-D9F8-4CB8-9BDE-F3741487D58A}
	EndGlobalSection
EndGlobal
